// !$*UTF8*$!
{
	archiveVersion = 1;
	classes = {
	};
	objectVersion = 48;
	objects = {

/* Begin PBXBuildFile section */
		1E0DC17C204DDC0500E13F6C /* AppDelegate.swift in Sources */ = {isa = PBXBuildFile; fileRef = 1E0DC17B204DDC0500E13F6C /* AppDelegate.swift */; };
		1E0DC181204DDC0500E13F6C /* Main.storyboard in Resources */ = {isa = PBXBuildFile; fileRef = 1E0DC17F204DDC0500E13F6C /* Main.storyboard */; };
		1E0DC184204DDC0500E13F6C /* ToDoListApp.xcdatamodeld in Sources */ = {isa = PBXBuildFile; fileRef = 1E0DC182204DDC0500E13F6C /* ToDoListApp.xcdatamodeld */; };
		1E0DC186204DDC0500E13F6C /* Assets.xcassets in Resources */ = {isa = PBXBuildFile; fileRef = 1E0DC185204DDC0500E13F6C /* Assets.xcassets */; };
		1E0DC189204DDC0500E13F6C /* LaunchScreen.storyboard in Resources */ = {isa = PBXBuildFile; fileRef = 1E0DC187204DDC0500E13F6C /* LaunchScreen.storyboard */; };
		1E0DC191204DF9A100E13F6C /* ToDoTableViewControllTableViewController.swift in Sources */ = {isa = PBXBuildFile; fileRef = 1E0DC190204DF9A100E13F6C /* ToDoTableViewControllTableViewController.swift */; };
		1E0DC193204DFA2D00E13F6C /* ToDoClass.swift in Sources */ = {isa = PBXBuildFile; fileRef = 1E0DC192204DFA2D00E13F6C /* ToDoClass.swift */; };
		1EC59AD4205057290058F07C /* CompleteViewController.swift in Sources */ = {isa = PBXBuildFile; fileRef = 1EC59AD3205057290058F07C /* CompleteViewController.swift */; };
		1EF10714204F491E00200B4C /* AddNewToDoController.swift in Sources */ = {isa = PBXBuildFile; fileRef = 1EF10713204F491E00200B4C /* AddNewToDoController.swift */; };
/* End PBXBuildFile section */

/* Begin PBXFileReference section */
		1E0DC178204DDC0500E13F6C /* ToDoListApp.app */ = {isa = PBXFileReference; explicitFileType = wrapper.application; includeInIndex = 0; path = ToDoListApp.app; sourceTree = BUILT_PRODUCTS_DIR; };
		1E0DC17B204DDC0500E13F6C /* AppDelegate.swift */ = {isa = PBXFileReference; lastKnownFileType = sourcecode.swift; path = AppDelegate.swift; sourceTree = "<group>"; };
		1E0DC180204DDC0500E13F6C /* Base */ = {isa = PBXFileReference; lastKnownFileType = file.storyboard; name = Base; path = Base.lproj/Main.storyboard; sourceTree = "<group>"; };
		1E0DC183204DDC0500E13F6C /* ToDoListApp.xcdatamodel */ = {isa = PBXFileReference; lastKnownFileType = wrapper.xcdatamodel; path = ToDoListApp.xcdatamodel; sourceTree = "<group>"; };
		1E0DC185204DDC0500E13F6C /* Assets.xcassets */ = {isa = PBXFileReference; lastKnownFileType = folder.assetcatalog; path = Assets.xcassets; sourceTree = "<group>"; };
		1E0DC188204DDC0500E13F6C /* Base */ = {isa = PBXFileReference; lastKnownFileType = file.storyboard; name = Base; path = Base.lproj/LaunchScreen.storyboard; sourceTree = "<group>"; };
		1E0DC18A204DDC0500E13F6C /* Info.plist */ = {isa = PBXFileReference; lastKnownFileType = text.plist.xml; path = Info.plist; sourceTree = "<group>"; };
		1E0DC190204DF9A100E13F6C /* ToDoTableViewControllTableViewController.swift */ = {isa = PBXFileReference; lastKnownFileType = sourcecode.swift; path = ToDoTableViewControllTableViewController.swift; sourceTree = "<group>"; };
		1E0DC192204DFA2D00E13F6C /* ToDoClass.swift */ = {isa = PBXFileReference; lastKnownFileType = sourcecode.swift; path = ToDoClass.swift; sourceTree = "<group>"; };
		1EC59AD3205057290058F07C /* CompleteViewController.swift */ = {isa = PBXFileReference; lastKnownFileType = sourcecode.swift; path = CompleteViewController.swift; sourceTree = "<group>"; };
		1EF10713204F491E00200B4C /* AddNewToDoController.swift */ = {isa = PBXFileReference; lastKnownFileType = sourcecode.swift; path = AddNewToDoController.swift; sourceTree = "<group>"; };
/* End PBXFileReference section */

/* Begin PBXFrameworksBuildPhase section */
		1E0DC175204DDC0500E13F6C /* Frameworks */ = {
			isa = PBXFrameworksBuildPhase;
			buildActionMask = 2147483647;
			files = (
			);
			runOnlyForDeploymentPostprocessing = 0;
		};
/* End PBXFrameworksBuildPhase section */

/* Begin PBXGroup section */
		1E0DC16F204DDC0500E13F6C = {
			isa = PBXGroup;
			children = (
				1E0DC17A204DDC0500E13F6C /* ToDoListApp */,
				1E0DC179204DDC0500E13F6C /* Products */,
			);
			sourceTree = "<group>";
		};
		1E0DC179204DDC0500E13F6C /* Products */ = {
			isa = PBXGroup;
			children = (
				1E0DC178204DDC0500E13F6C /* ToDoListApp.app */,
			);
			name = Products;
			sourceTree = "<group>";
		};
		1E0DC17A204DDC0500E13F6C /* ToDoListApp */ = {
			isa = PBXGroup;
			children = (
				1E0DC17B204DDC0500E13F6C /* AppDelegate.swift */,
				1E0DC192204DFA2D00E13F6C /* ToDoClass.swift */,
				1E0DC190204DF9A100E13F6C /* ToDoTableViewControllTableViewController.swift */,
				1EF10713204F491E00200B4C /* AddNewToDoController.swift */,
				1EC59AD3205057290058F07C /* CompleteViewController.swift */,
				1E0DC17F204DDC0500E13F6C /* Main.storyboard */,
				1E0DC185204DDC0500E13F6C /* Assets.xcassets */,
				1E0DC187204DDC0500E13F6C /* LaunchScreen.storyboard */,
				1E0DC18A204DDC0500E13F6C /* Info.plist */,
				1E0DC182204DDC0500E13F6C /* ToDoListApp.xcdatamodeld */,
			);
			path = ToDoListApp;
			sourceTree = "<group>";
		};
/* End PBXGroup section */

/* Begin PBXNativeTarget section */
		1E0DC177204DDC0500E13F6C /* ToDoListApp */ = {
			isa = PBXNativeTarget;
			buildConfigurationList = 1E0DC18D204DDC0500E13F6C /* Build configuration list for PBXNativeTarget "ToDoListApp" */;
			buildPhases = (
				1E0DC174204DDC0500E13F6C /* Sources */,
				1E0DC175204DDC0500E13F6C /* Frameworks */,
				1E0DC176204DDC0500E13F6C /* Resources */,
			);
			buildRules = (
			);
			dependencies = (
			);
			name = ToDoListApp;
			productName = ToDoListApp;
			productReference = 1E0DC178204DDC0500E13F6C /* ToDoListApp.app */;
			productType = "com.apple.product-type.application";
		};
/* End PBXNativeTarget section */

/* Begin PBXProject section */
		1E0DC170204DDC0500E13F6C /* Project object */ = {
			isa = PBXProject;
			attributes = {
				LastSwiftUpdateCheck = 0920;
				LastUpgradeCheck = 0920;
				ORGANIZATIONNAME = "Brian Estep";
				TargetAttributes = {
					1E0DC177204DDC0500E13F6C = {
						CreatedOnToolsVersion = 9.2;
						ProvisioningStyle = Automatic;
					};
				};
			};
			buildConfigurationList = 1E0DC173204DDC0500E13F6C /* Build configuration list for PBXProject "ToDoListApp" */;
			compatibilityVersion = "Xcode 8.0";
			developmentRegion = en;
			hasScannedForEncodings = 0;
			knownRegions = (
				en,
				Base,
			);
			mainGroup = 1E0DC16F204DDC0500E13F6C;
			productRefGroup = 1E0DC179204DDC0500E13F6C /* Products */;
			projectDirPath = "";
			projectRoot = "";
			targets = (
				1E0DC177204DDC0500E13F6C /* ToDoListApp */,
			);
		};
/* End PBXProject section */

/* Begin PBXResourcesBuildPhase section */
		1E0DC176204DDC0500E13F6C /* Resources */ = {
			isa = PBXResourcesBuildPhase;
			buildActionMask = 2147483647;
			files = (
				1E0DC189204DDC0500E13F6C /* LaunchScreen.storyboard in Resources */,
				1E0DC186204DDC0500E13F6C /* Assets.xcassets in Resources */,
				1E0DC181204DDC0500E13F6C /* Main.storyboard in Resources */,
			);
			runOnlyForDeploymentPostprocessing = 0;
		};
/* End PBXResourcesBuildPhase section */

/* Begin PBXSourcesBuildPhase section */
		1E0DC174204DDC0500E13F6C /* Sources */ = {
			isa = PBXSourcesBuildPhase;
			buildActionMask = 2147483647;
			files = (
				1E0DC191204DF9A100E13F6C /* ToDoTableViewControllTableViewController.swift in Sources */,
				1EF10714204F491E00200B4C /* AddNewToDoController.swift in Sources */,
				1E0DC17C204DDC0500E13F6C /* AppDelegate.swift in Sources */,
				1E0DC193204DFA2D00E13F6C /* ToDoClass.swift in Sources */,
				1E0DC184204DDC0500E13F6C /* ToDoListApp.xcdatamodeld in Sources */,
				1EC59AD4205057290058F07C /* CompleteViewController.swift in Sources */,
			);
			runOnlyForDeploymentPostprocessing = 0;
		};
/* End PBXSourcesBuildPhase section */

/* Begin PBXVariantGroup section */
		1E0DC17F204DDC0500E13F6C /* Main.storyboard */ = {
			isa = PBXVariantGroup;
			children = (
				1E0DC180204DDC0500E13F6C /* Base */,
			);
			name = Main.storyboard;
			sourceTree = "<group>";
		};
		1E0DC187204DDC0500E13F6C /* LaunchScreen.storyboard */ = {
			isa = PBXVariantGroup;
			children = (
				1E0DC188204DDC0500E13F6C /* Base */,
			);
			name = LaunchScreen.storyboard;
			sourceTree = "<group>";
		};
/* End PBXVariantGroup section */

/* Begin XCBuildConfiguration section */
		1E0DC18B204DDC0500E13F6C /* Debug */ = {
			isa = XCBuildConfiguration;
			buildSettings = {
				ALWAYS_SEARCH_USER_PATHS = NO;
				CLANG_ANALYZER_NONNULL = YES;
				CLANG_ANALYZER_NUMBER_OBJECT_CONVERSION = YES_AGGRESSIVE;
				CLANG_CXX_LANGUAGE_STANDARD = "gnu++14";
				CLANG_CXX_LIBRARY = "libc++";
				CLANG_ENABLE_MODULES = YES;
				CLANG_ENABLE_OBJC_ARC = YES;
				CLANG_WARN_BLOCK_CAPTURE_AUTORELEASING = YES;
				CLANG_WARN_BOOL_CONVERSION = YES;
				CLANG_WARN_COMMA = YES;
				CLANG_WARN_CONSTANT_CONVERSION = YES;
				CLANG_WARN_DIRECT_OBJC_ISA_USAGE = YES_ERROR;
				CLANG_WARN_DOCUMENTATION_COMMENTS = YES;
				CLANG_WARN_EMPTY_BODY = YES;
				CLANG_WARN_ENUM_CONVERSION = YES;
				CLANG_WARN_INFINITE_RECURSION = YES;
				CLANG_WARN_INT_CONVERSION = YES;
				CLANG_WARN_NON_LITERAL_NULL_CONVERSION = YES;
				CLANG_WARN_OBJC_LITERAL_CONVERSION = YES;
				CLANG_WARN_OBJC_ROOT_CLASS = YES_ERROR;
				CLANG_WARN_RANGE_LOOP_ANALYSIS = YES;
				CLANG_WARN_STRICT_PROTOTYPES = YES;
				CLANG_WARN_SUSPICIOUS_MOVE = YES;
				CLANG_WARN_UNGUARDED_AVAILABILITY = YES_AGGRESSIVE;
				CLANG_WARN_UNREACHABLE_CODE = YES;
				CLANG_WARN__DUPLICATE_METHOD_MATCH = YES;
				CODE_SIGN_IDENTITY = "iPhone Developer";
				COPY_PHASE_STRIP = NO;
				DEBUG_INFORMATION_FORMAT = dwarf;
				ENABLE_STRICT_OBJC_MSGSEND = YES;
				ENABLE_TESTABILITY = YES;
				GCC_C_LANGUAGE_STANDARD = gnu11;
				GCC_DYNAMIC_NO_PIC = NO;
				GCC_NO_COMMON_BLOCKS = YES;
				GCC_OPTIMIZATION_LEVEL = 0;
				GCC_PREPROCESSOR_DEFINITIONS = (
					"DEBUG=1",
					"$(inherited)",
				);
				GCC_WARN_64_TO_32_BIT_CONVERSION = YES;
				GCC_WARN_ABOUT_RETURN_TYPE = YES_ERROR;
				GCC_WARN_UNDECLARED_SELECTOR = YES;
				GCC_WARN_UNINITIALIZED_AUTOS = YES_AGGRESSIVE;
				GCC_WARN_UNUSED_FUNCTION = YES;
				GCC_WARN_UNUSED_VARIABLE = YES;
				IPHONEOS_DEPLOYMENT_TARGET = 11.2;
				MTL_ENABLE_DEBUG_INFO = YES;
				ONLY_ACTIVE_ARCH = YES;
				SDKROOT = iphoneos;
				SWIFT_ACTIVE_COMPILATION_CONDITIONS = DEBUG;
				SWIFT_OPTIMIZATION_LEVEL = "-Onone";
			};
			name = Debug;
		};
		1E0DC18C204DDC0500E13F6C /* Release */ = {
			isa = XCBuildConfiguration;
			buildSettings = {
				ALWAYS_SEARCH_USER_PATHS = NO;
				CLANG_ANALYZER_NONNULL = YES;
				CLANG_ANALYZER_NUMBER_OBJECT_CONVERSION = YES_AGGRESSIVE;
				CLANG_CXX_LANGUAGE_STANDARD = "gnu++14";
				CLANG_CXX_LIBRARY = "libc++";
				CLANG_ENABLE_MODULES = YES;
				CLANG_ENABLE_OBJC_ARC = YES;
				CLANG_WARN_BLOCK_CAPTURE_AUTORELEASING = YES;
				CLANG_WARN_BOOL_CONVERSION = YES;
				CLANG_WARN_COMMA = YES;
				CLANG_WARN_CONSTANT_CONVERSION = YES;
				CLANG_WARN_DIRECT_OBJC_ISA_USAGE = YES_ERROR;
				CLANG_WARN_DOCUMENTATION_COMMENTS = YES;
				CLANG_WARN_EMPTY_BODY = YES;
				CLANG_WARN_ENUM_CONVERSION = YES;
				CLANG_WARN_INFINITE_RECURSION = YES;
				CLANG_WARN_INT_CONVERSION = YES;
				CLANG_WARN_NON_LITERAL_NULL_CONVERSION = YES;
				CLANG_WARN_OBJC_LITERAL_CONVERSION = YES;
				CLANG_WARN_OBJC_ROOT_CLASS = YES_ERROR;
				CLANG_WARN_RANGE_LOOP_ANALYSIS = YES;
				CLANG_WARN_STRICT_PROTOTYPES = YES;
				CLANG_WARN_SUSPICIOUS_MOVE = YES;
				CLANG_WARN_UNGUARDED_AVAILABILITY = YES_AGGRESSIVE;
				CLANG_WARN_UNREACHABLE_CODE = YES;
				CLANG_WARN__DUPLICATE_METHOD_MATCH = YES;
				CODE_SIGN_IDENTITY = "iPhone Developer";
				COPY_PHASE_STRIP = NO;
				DEBUG_INFORMATION_FORMAT = "dwarf-with-dsym";
				ENABLE_NS_ASSERTIONS = NO;
				ENABLE_STRICT_OBJC_MSGSEND = YES;
				GCC_C_LANGUAGE_STANDARD = gnu11;
				GCC_NO_COMMON_BLOCKS = YES;
				GCC_WARN_64_TO_32_BIT_CONVERSION = YES;
				GCC_WARN_ABOUT_RETURN_TYPE = YES_ERROR;
				GCC_WARN_UNDECLARED_SELECTOR = YES;
				GCC_WARN_UNINITIALIZED_AUTOS = YES_AGGRESSIVE;
				GCC_WARN_UNUSED_FUNCTION = YES;
				GCC_WARN_UNUSED_VARIABLE = YES;
				IPHONEOS_DEPLOYMENT_TARGET = 11.2;
				MTL_ENABLE_DEBUG_INFO = NO;
				SDKROOT = iphoneos;
				SWIFT_OPTIMIZATION_LEVEL = "-Owholemodule";
				VALIDATE_PRODUCT = YES;
			};
			name = Release;
		};
		1E0DC18E204DDC0500E13F6C /* Debug */ = {
			isa = XCBuildConfiguration;
			buildSettings = {
				ASSETCATALOG_COMPILER_APPICON_NAME = AppIcon;
				CODE_SIGN_STYLE = Automatic;
				INFOPLIST_FILE = ToDoListApp/Info.plist;
				LD_RUNPATH_SEARCH_PATHS = "$(inherited) @executable_path/Frameworks";
				PRODUCT_BUNDLE_IDENTIFIER = Estep.Brian.ToDoListApp;
				PRODUCT_NAME = "$(TARGET_NAME)";
				SWIFT_VERSION = 4.0;
				TARGETED_DEVICE_FAMILY = "1,2";
			};
			name = Debug;
		};
		1E0DC18F204DDC0500E13F6C /* Release */ = {
			isa = XCBuildConfiguration;
			buildSettings = {
				ASSETCATALOG_COMPILER_APPICON_NAME = AppIcon;
				CODE_SIGN_STYLE = Automatic;
				INFOPLIST_FILE = ToDoListApp/Info.plist;
				LD_RUNPATH_SEARCH_PATHS = "$(inherited) @executable_path/Frameworks";
				PRODUCT_BUNDLE_IDENTIFIER = Estep.Brian.ToDoListApp;
				PRODUCT_NAME = "$(TARGET_NAME)";
				SWIFT_VERSION = 4.0;
				TARGETED_DEVICE_FAMILY = "1,2";
			};
			name = Release;
		};
/* End XCBuildConfiguration section */

/* Begin XCConfigurationList section */
		1E0DC173204DDC0500E13F6C /* Build configuration list for PBXProject "ToDoListApp" */ = {
			isa = XCConfigurationList;
			buildConfigurations = (
				1E0DC18B204DDC0500E13F6C /* Debug */,
				1E0DC18C204DDC0500E13F6C /* Release */,
			);
			defaultConfigurationIsVisible = 0;
			defaultConfigurationName = Release;
		};
		1E0DC18D204DDC0500E13F6C /* Build configuration list for PBXNativeTarget "ToDoListApp" */ = {
			isa = XCConfigurationList;
			buildConfigurations = (
				1E0DC18E204DDC0500E13F6C /* Debug */,
				1E0DC18F204DDC0500E13F6C /* Release */,
			);
			defaultConfigurationIsVisible = 0;
			defaultConfigurationName = Release;
		};
/* End XCConfigurationList section */

/* Begin XCVersionGroup section */
		1E0DC182204DDC0500E13F6C /* ToDoListApp.xcdatamodeld */ = {
			isa = XCVersionGroup;
			children = (
				1E0DC183204DDC0500E13F6C /* ToDoListApp.xcdatamodel */,
			);
			currentVersion = 1E0DC183204DDC0500E13F6C /* ToDoListApp.xcdatamodel */;
			path = ToDoListApp.xcdatamodeld;
			sourceTree = "<group>";
			versionGroupType = wrapper.xcdatamodel;
		};
/* End XCVersionGroup section */
	};
	rootObject = 1E0DC170204DDC0500E13F6C /* Project object */;
}
